// !$*UTF8*$!
{
	archiveVersion = 1;
	classes = {
	};
	objectVersion = 46;
	objects = {

/* Begin PBXBuildFile section */
		49FEB4921C555A9B00919EC0 /* main.m in Sources */ = {isa = PBXBuildFile; fileRef = 49FEB4911C555A9B00919EC0 /* main.m */; };
		49FEB4951C555A9B00919EC0 /* AppDelegate.m in Sources */ = {isa = PBXBuildFile; fileRef = 49FEB4941C555A9B00919EC0 /* AppDelegate.m */; };
		49FEB49D1C555A9B00919EC0 /* Assets.xcassets in Resources */ = {isa = PBXBuildFile; fileRef = 49FEB49C1C555A9B00919EC0 /* Assets.xcassets */; };
		49FEB4A01C555A9B00919EC0 /* LaunchScreen.storyboard in Resources */ = {isa = PBXBuildFile; fileRef = 49FEB49E1C555A9B00919EC0 /* LaunchScreen.storyboard */; };
		49FEB4A91C555AC900919EC0 /* MainViewController.m in Sources */ = {isa = PBXBuildFile; fileRef = 49FEB4A81C555AC900919EC0 /* MainViewController.m */; };
		49FEB4AC1C555BAC00919EC0 /* DetailViewController.m in Sources */ = {isa = PBXBuildFile; fileRef = 49FEB4AB1C555BAC00919EC0 /* DetailViewController.m */; };
		49FEB4B11C5575AD00919EC0 /* Ave3DTouchSimulatorSupport.m in Sources */ = {isa = PBXBuildFile; fileRef = 49FEB4B01C5575AD00919EC0 /* Ave3DTouchSimulatorSupport.m */; };
/* End PBXBuildFile section */

/* Begin PBXFileReference section */
		49FEB48D1C555A9B00919EC0 /* 3DTouchExample.app */ = {isa = PBXFileReference; explicitFileType = wrapper.application; includeInIndex = 0; path = 3DTouchExample.app; sourceTree = BUILT_PRODUCTS_DIR; };
		49FEB4911C555A9B00919EC0 /* main.m */ = {isa = PBXFileReference; lastKnownFileType = sourcecode.c.objc; path = main.m; sourceTree = "<group>"; };
		49FEB4931C555A9B00919EC0 /* AppDelegate.h */ = {isa = PBXFileReference; lastKnownFileType = sourcecode.c.h; path = AppDelegate.h; sourceTree = "<group>"; };
		49FEB4941C555A9B00919EC0 /* AppDelegate.m */ = {isa = PBXFileReference; lastKnownFileType = sourcecode.c.objc; path = AppDelegate.m; sourceTree = "<group>"; };
		49FEB49C1C555A9B00919EC0 /* Assets.xcassets */ = {isa = PBXFileReference; lastKnownFileType = folder.assetcatalog; path = Assets.xcassets; sourceTree = "<group>"; };
		49FEB49F1C555A9B00919EC0 /* Base */ = {isa = PBXFileReference; lastKnownFileType = file.storyboard; name = Base; path = Base.lproj/LaunchScreen.storyboard; sourceTree = "<group>"; };
		49FEB4A11C555A9B00919EC0 /* Info.plist */ = {isa = PBXFileReference; lastKnownFileType = text.plist.xml; path = Info.plist; sourceTree = "<group>"; };
		49FEB4A71C555AC900919EC0 /* MainViewController.h */ = {isa = PBXFileReference; fileEncoding = 4; lastKnownFileType = sourcecode.c.h; path = MainViewController.h; sourceTree = "<group>"; };
		49FEB4A81C555AC900919EC0 /* MainViewController.m */ = {isa = PBXFileReference; fileEncoding = 4; lastKnownFileType = sourcecode.c.objc; path = MainViewController.m; sourceTree = "<group>"; };
		49FEB4AA1C555BAC00919EC0 /* DetailViewController.h */ = {isa = PBXFileReference; fileEncoding = 4; lastKnownFileType = sourcecode.c.h; path = DetailViewController.h; sourceTree = "<group>"; };
		49FEB4AB1C555BAC00919EC0 /* DetailViewController.m */ = {isa = PBXFileReference; fileEncoding = 4; lastKnownFileType = sourcecode.c.objc; path = DetailViewController.m; sourceTree = "<group>"; };
		49FEB4B01C5575AD00919EC0 /* Ave3DTouchSimulatorSupport.m */ = {isa = PBXFileReference; fileEncoding = 4; lastKnownFileType = sourcecode.c.objc; name = Ave3DTouchSimulatorSupport.m; path = ../../Ave3DTouchSimulatorSupport.m; sourceTree = "<group>"; };
/* End PBXFileReference section */

/* Begin PBXFrameworksBuildPhase section */
		49FEB48A1C555A9B00919EC0 /* Frameworks */ = {
			isa = PBXFrameworksBuildPhase;
			buildActionMask = 2147483647;
			files = (
			);
			runOnlyForDeploymentPostprocessing = 0;
		};
/* End PBXFrameworksBuildPhase section */

/* Begin PBXGroup section */
		49FEB4841C555A9B00919EC0 = {
			isa = PBXGroup;
			children = (
				49FEB48F1C555A9B00919EC0 /* 3DTouchExample */,
				49FEB48E1C555A9B00919EC0 /* Products */,
			);
			sourceTree = "<group>";
		};
		49FEB48E1C555A9B00919EC0 /* Products */ = {
			isa = PBXGroup;
			children = (
				49FEB48D1C555A9B00919EC0 /* 3DTouchExample.app */,
			);
			name = Products;
			sourceTree = "<group>";
		};
		49FEB48F1C555A9B00919EC0 /* 3DTouchExample */ = {
			isa = PBXGroup;
			children = (
				49FEB4B01C5575AD00919EC0 /* Ave3DTouchSimulatorSupport.m */,
				49FEB4931C555A9B00919EC0 /* AppDelegate.h */,
				49FEB4941C555A9B00919EC0 /* AppDelegate.m */,
				49FEB4A71C555AC900919EC0 /* MainViewController.h */,
				49FEB4A81C555AC900919EC0 /* MainViewController.m */,
				49FEB4AA1C555BAC00919EC0 /* DetailViewController.h */,
				49FEB4AB1C555BAC00919EC0 /* DetailViewController.m */,
				49FEB49C1C555A9B00919EC0 /* Assets.xcassets */,
				49FEB49E1C555A9B00919EC0 /* LaunchScreen.storyboard */,
				49FEB4A11C555A9B00919EC0 /* Info.plist */,
				49FEB4901C555A9B00919EC0 /* Supporting Files */,
			);
			path = 3DTouchExample;
			sourceTree = "<group>";
		};
		49FEB4901C555A9B00919EC0 /* Supporting Files */ = {
			isa = PBXGroup;
			children = (
				49FEB4911C555A9B00919EC0 /* main.m */,
			);
			name = "Supporting Files";
			sourceTree = "<group>";
		};
/* End PBXGroup section */

/* Begin PBXNativeTarget section */
		49FEB48C1C555A9B00919EC0 /* 3DTouchExample */ = {
			isa = PBXNativeTarget;
			buildConfigurationList = 49FEB4A41C555A9B00919EC0 /* Build configuration list for PBXNativeTarget "3DTouchExample" */;
			buildPhases = (
				49FEB4891C555A9B00919EC0 /* Sources */,
				49FEB48A1C555A9B00919EC0 /* Frameworks */,
				49FEB48B1C555A9B00919EC0 /* Resources */,
			);
			buildRules = (
			);
			dependencies = (
			);
			name = 3DTouchExample;
			productName = 3DTouchExample;
			productReference = 49FEB48D1C555A9B00919EC0 /* 3DTouchExample.app */;
			productType = "com.apple.product-type.application";
		};
/* End PBXNativeTarget section */

/* Begin PBXProject section */
		49FEB4851C555A9B00919EC0 /* Project object */ = {
			isa = PBXProject;
			attributes = {
				LastUpgradeCheck = 0720;
				ORGANIZATIONNAME = AveApps;
				TargetAttributes = {
					49FEB48C1C555A9B00919EC0 = {
						CreatedOnToolsVersion = 7.2;
					};
				};
			};
			buildConfigurationList = 49FEB4881C555A9B00919EC0 /* Build configuration list for PBXProject "3DTouchExample" */;
			compatibilityVersion = "Xcode 3.2";
			developmentRegion = English;
			hasScannedForEncodings = 0;
			knownRegions = (
				en,
				Base,
			);
			mainGroup = 49FEB4841C555A9B00919EC0;
			productRefGroup = 49FEB48E1C555A9B00919EC0 /* Products */;
			projectDirPath = "";
			projectRoot = "";
			targets = (
				49FEB48C1C555A9B00919EC0 /* 3DTouchExample */,
			);
		};
/* End PBXProject section */

/* Begin PBXResourcesBuildPhase section */
		49FEB48B1C555A9B00919EC0 /* Resources */ = {
			isa = PBXResourcesBuildPhase;
			buildActionMask = 2147483647;
			files = (
				49FEB4A01C555A9B00919EC0 /* LaunchScreen.storyboard in Resources */,
				49FEB49D1C555A9B00919EC0 /* Assets.xcassets in Resources */,
			);
			runOnlyForDeploymentPostprocessing = 0;
		};
/* End PBXResourcesBuildPhase section */

/* Begin PBXSourcesBuildPhase section */
		49FEB4891C555A9B00919EC0 /* Sources */ = {
			isa = PBXSourcesBuildPhase;
			buildActionMask = 2147483647;
			files = (
				49FEB4951C555A9B00919EC0 /* AppDelegate.m in Sources */,
				49FEB4A91C555AC900919EC0 /* MainViewController.m in Sources */,
				49FEB4921C555A9B00919EC0 /* main.m in Sources */,
				49FEB4B11C5575AD00919EC0 /* Ave3DTouchSimulatorSupport.m in Sources */,
				49FEB4AC1C555BAC00919EC0 /* DetailViewController.m in Sources */,
			);
			runOnlyForDeploymentPostprocessing = 0;
		};
/* End PBXSourcesBuildPhase section */

/* Begin PBXVariantGroup section */
		49FEB49E1C555A9B00919EC0 /* LaunchScreen.storyboard */ = {
			isa = PBXVariantGroup;
			children = (
				49FEB49F1C555A9B00919EC0 /* Base */,
			);
			name = LaunchScreen.storyboard;
			sourceTree = "<group>";
		};
/* End PBXVariantGroup section */

/* Begin XCBuildConfiguration section */
		49FEB4A21C555A9B00919EC0 /* Debug */ = {
			isa = XCBuildConfiguration;
			buildSettings = {
				ALWAYS_SEARCH_USER_PATHS = NO;
				CLANG_CXX_LANGUAGE_STANDARD = "gnu++0x";
				CLANG_CXX_LIBRARY = "libc++";
				CLANG_ENABLE_MODULES = YES;
				CLANG_ENABLE_OBJC_ARC = YES;
				CLANG_WARN_BOOL_CONVERSION = YES;
				CLANG_WARN_CONSTANT_CONVERSION = YES;
				CLANG_WARN_DIRECT_OBJC_ISA_USAGE = YES_ERROR;
				CLANG_WARN_EMPTY_BODY = YES;
				CLANG_WARN_ENUM_CONVERSION = YES;
				CLANG_WARN_INT_CONVERSION = YES;
				CLANG_WARN_OBJC_ROOT_CLASS = YES_ERROR;
				CLANG_WARN_UNREACHABLE_CODE = YES;
				CLANG_WARN__DUPLICATE_METHOD_MATCH = YES;
				"CODE_SIGN_IDENTITY[sdk=iphoneos*]" = "iPhone Developer";
				COPY_PHASE_STRIP = NO;
				DEBUG_INFORMATION_FORMAT = dwarf;
				ENABLE_STRICT_OBJC_MSGSEND = YES;
				ENABLE_TESTABILITY = YES;
				GCC_C_LANGUAGE_STANDARD = gnu99;
				GCC_DYNAMIC_NO_PIC = NO;
				GCC_NO_COMMON_BLOCKS = YES;
				GCC_OPTIMIZATION_LEVEL = 0;
				GCC_PREPROCESSOR_DEFINITIONS = (
					"DEBUG=1",
					"$(inherited)",
				);
				GCC_WARN_64_TO_32_BIT_CONVERSION = YES;
				GCC_WARN_ABOUT_RETURN_TYPE = YES_ERROR;
				GCC_WARN_UNDECLARED_SELECTOR = YES;
				GCC_WARN_UNINITIALIZED_AUTOS = YES_AGGRESSIVE;
				GCC_WARN_UNUSED_FUNCTION = YES;
				GCC_WARN_UNUSED_VARIABLE = YES;
				IPHONEOS_DEPLOYMENT_TARGET = 9.2;
				MTL_ENABLE_DEBUG_INFO = YES;
				ONLY_ACTIVE_ARCH = YES;
				SDKROOT = iphoneos;
				TARGETED_DEVICE_FAMILY = "1,2";
			};
			name = Debug;
		};
		49FEB4A31C555A9B00919EC0 /* Release */ = {
			isa = XCBuildConfiguration;
			buildSettings = {
				ALWAYS_SEARCH_USER_PATHS = NO;
				CLANG_CXX_LANGUAGE_STANDARD = "gnu++0x";
				CLANG_CXX_LIBRARY = "libc++";
				CLANG_ENABLE_MODULES = YES;
				CLANG_ENABLE_OBJC_ARC = YES;
				CLANG_WARN_BOOL_CONVERSION = YES;
				CLANG_WARN_CONSTANT_CONVERSION = YES;
				CLANG_WARN_DIRECT_OBJC_ISA_USAGE = YES_ERROR;
				CLANG_WARN_EMPTY_BODY = YES;
				CLANG_WARN_ENUM_CONVERSION = YES;
				CLANG_WARN_INT_CONVERSION = YES;
				CLANG_WARN_OBJC_ROOT_CLASS = YES_ERROR;
				CLANG_WARN_UNREACHABLE_CODE = YES;
				CLANG_WARN__DUPLICATE_METHOD_MATCH = YES;
				"CODE_SIGN_IDENTITY[sdk=iphoneos*]" = "iPhone Developer";
				COPY_PHASE_STRIP = NO;
				DEBUG_INFORMATION_FORMAT = "dwarf-with-dsym";
				ENABLE_NS_ASSERTIONS = NO;
				ENABLE_STRICT_OBJC_MSGSEND = YES;
				GCC_C_LANGUAGE_STANDARD = gnu99;
				GCC_NO_COMMON_BLOCKS = YES;
				GCC_WARN_64_TO_32_BIT_CONVERSION = YES;
				GCC_WARN_ABOUT_RETURN_TYPE = YES_ERROR;
				GCC_WARN_UNDECLARED_SELECTOR = YES;
				GCC_WARN_UNINITIALIZED_AUTOS = YES_AGGRESSIVE;
				GCC_WARN_UNUSED_FUNCTION = YES;
				GCC_WARN_UNUSED_VARIABLE = YES;
				IPHONEOS_DEPLOYMENT_TARGET = 9.2;
				MTL_ENABLE_DEBUG_INFO = NO;
				SDKROOT = iphoneos;
				TARGETED_DEVICE_FAMILY = "1,2";
				VALIDATE_PRODUCT = YES;
			};
			name = Release;
		};
		49FEB4A51C555A9B00919EC0 /* Debug */ = {
			isa = XCBuildConfiguration;
			buildSettings = {
				ASSETCATALOG_COMPILER_APPICON_NAME = AppIcon;
				INFOPLIST_FILE = 3DTouchExample/Info.plist;
				LD_RUNPATH_SEARCH_PATHS = "$(inherited) @executable_path/Frameworks";
				PRODUCT_BUNDLE_IDENTIFIER = "com.aveapps.-DTouchExample";
				PRODUCT_NAME = "$(TARGET_NAME)";
			};
			name = Debug;
		};
		49FEB4A61C555A9B00919EC0 /* Release */ = {
			isa = XCBuildConfiguration;
			buildSettings = {
				ASSETCATALOG_COMPILER_APPICON_NAME = AppIcon;
				INFOPLIST_FILE = 3DTouchExample/Info.plist;
				LD_RUNPATH_SEARCH_PATHS = "$(inherited) @executable_path/Frameworks";
				PRODUCT_BUNDLE_IDENTIFIER = "com.aveapps.-DTouchExample";
				PRODUCT_NAME = "$(TARGET_NAME)";
			};
			name = Release;
		};
/* End XCBuildConfiguration section */

/* Begin XCConfigurationList section */
		49FEB4881C555A9B00919EC0 /* Build configuration list for PBXProject "3DTouchExample" */ = {
			isa = XCConfigurationList;
			buildConfigurations = (
				49FEB4A21C555A9B00919EC0 /* Debug */,
				49FEB4A31C555A9B00919EC0 /* Release */,
			);
			defaultConfigurationIsVisible = 0;
			defaultConfigurationName = Release;
		};
		49FEB4A41C555A9B00919EC0 /* Build configuration list for PBXNativeTarget "3DTouchExample" */ = {
			isa = XCConfigurationList;
			buildConfigurations = (
				49FEB4A51C555A9B00919EC0 /* Debug */,
				49FEB4A61C555A9B00919EC0 /* Release */,
			);
			defaultConfigurationIsVisible = 0;
			defaultConfigurationName = Release;
		};
/* End XCConfigurationList section */
	};
	rootObject = 49FEB4851C555A9B00919EC0 /* Project object */;
}
